
Microsoft Visual Studio Solution File, Format Version 12.00
# Visual Studio Version 17
VisualStudioVersion = 17.0.31903.59
MinimumVisualStudioVersion = 10.0.40219.1
Project("{2150E333-8FDC-42A3-9474-1A3956D46DE8}") = "src", "src", "{D8FAC5CA-170E-42C7-A30F-DFB96D97160E}"
EndProject
Project("{FAE04EC0-301F-11D3-BF4B-00C04F79EFBC}") = "YtPump.Core", "src\YtPump.Core\YtPump.Core.csproj", "{63391A5E-9E25-404C-8431-D7DB9DF34D50}"
EndProject
Project("{FAE04EC0-301F-11D3-BF4B-00C04F79EFBC}") = "YtPump.App", "src\YtPump.App\YtPump.App.csproj", "{F8A52FEE-92BE-4C44-BE30-FEE6BC2BCAD1}"
EndProject
Project("{FAE04EC0-301F-11D3-BF4B-00C04F79EFBC}") = "YtPump.Core.Tests", "src\YtPump.Core.Tests\YtPump.Core.Tests.csproj", "{6E8A7E5A-0A81-4A07-BAFD-CF9D2FCBCE88}"
EndProject
Global
	GlobalSection(SolutionConfigurationPlatforms) = preSolution
		Debug|Any CPU = Debug|Any CPU
		Release|Any CPU = Release|Any CPU
	EndGlobalSection
	GlobalSection(SolutionProperties) = preSolution
		HideSolutionNode = FALSE
	EndGlobalSection
	GlobalSection(ProjectConfigurationPlatforms) = postSolution
		{63391A5E-9E25-404C-8431-D7DB9DF34D50}.Debug|Any CPU.ActiveCfg = Debug|Any CPU
		{63391A5E-9E25-404C-8431-D7DB9DF34D50}.Debug|Any CPU.Build.0 = Debug|Any CPU
		{63391A5E-9E25-404C-8431-D7DB9DF34D50}.Release|Any CPU.ActiveCfg = Release|Any CPU
		{63391A5E-9E25-404C-8431-D7DB9DF34D50}.Release|Any CPU.Build.0 = Release|Any CPU
		{F8A52FEE-92BE-4C44-BE30-FEE6BC2BCAD1}.Debug|Any CPU.ActiveCfg = Debug|Any CPU
		{F8A52FEE-92BE-4C44-BE30-FEE6BC2BCAD1}.Debug|Any CPU.Build.0 = Debug|Any CPU
		{F8A52FEE-92BE-4C44-BE30-FEE6BC2BCAD1}.Release|Any CPU.ActiveCfg = Release|Any CPU
		{F8A52FEE-92BE-4C44-BE30-FEE6BC2BCAD1}.Release|Any CPU.Build.0 = Release|Any CPU
		{6E8A7E5A-0A81-4A07-BAFD-CF9D2FCBCE88}.Debug|Any CPU.ActiveCfg = Debug|Any CPU
		{6E8A7E5A-0A81-4A07-BAFD-CF9D2FCBCE88}.Debug|Any CPU.Build.0 = Debug|Any CPU
		{6E8A7E5A-0A81-4A07-BAFD-CF9D2FCBCE88}.Release|Any CPU.ActiveCfg = Release|Any CPU
		{6E8A7E5A-0A81-4A07-BAFD-CF9D2FCBCE88}.Release|Any CPU.Build.0 = Release|Any CPU
	EndGlobalSection
	GlobalSection(NestedProjects) = preSolution
		{63391A5E-9E25-404C-8431-D7DB9DF34D50} = {D8FAC5CA-170E-42C7-A30F-DFB96D97160E}
		{F8A52FEE-92BE-4C44-BE30-FEE6BC2BCAD1} = {D8FAC5CA-170E-42C7-A30F-DFB96D97160E}
		{6E8A7E5A-0A81-4A07-BAFD-CF9D2FCBCE88} = {D8FAC5CA-170E-42C7-A30F-DFB96D97160E}
	EndGlobalSection
EndGlobal
